
Microsoft Visual Studio Solution File, Format Version 12.00
# Visual Studio Version 17
VisualStudioVersion = 17.4.33103.184
MinimumVisualStudioVersion = 10.0.40219.1
Project("{FAE04EC0-301F-11D3-BF4B-00C04F79EFBC}") = "TaskManager", "TaskManager\TaskManager.csproj", "{B4306B1D-C3D7-4288-9126-A09B0F926374}"
EndProject
Global
	GlobalSection(SolutionConfigurationPlatforms) = preSolution
		Debug|Any CPU = Debug|Any CPU
		Release|Any CPU = Release|Any CPU
	EndGlobalSection
	GlobalSection(ProjectConfigurationPlatforms) = postSolution
		{B4306B1D-C3D7-4288-9126-A09B0F926374}.Debug|Any CPU.ActiveCfg = Debug|Any CPU
		{B4306B1D-C3D7-4288-9126-A09B0F926374}.Debug|Any CPU.Build.0 = Debug|Any CPU
		{B4306B1D-C3D7-4288-9126-A09B0F926374}.Release|Any CPU.ActiveCfg = Release|Any CPU
		{B4306B1D-C3D7-4288-9126-A09B0F926374}.Release|Any CPU.Build.0 = Release|Any CPU
	EndGlobalSection
	GlobalSection(SolutionProperties) = preSolution
		HideSolutionNode = FALSE
	EndGlobalSection
	GlobalSection(ExtensibilityGlobals) = postSolution
		SolutionGuid = {C9AA0B5C-D94B-4C8F-BA2E-65D557457DF8}
	EndGlobalSection
EndGlobal
